
Microsoft Visual Studio Solution File, Format Version 12.00
# Visual Studio Version 17
VisualStudioVersion = 17.4.33213.308
MinimumVisualStudioVersion = 10.0.40219.1
Project("{FAE04EC0-301F-11D3-BF4B-00C04F79EFBC}") = "MagicVilla_API", "MagicVilla_API\MagicVilla_API.csproj", "{2B1B6018-D0EC-4BBD-A1A0-BEE6A6E0EA28}"
EndProject
Global
	GlobalSection(SolutionConfigurationPlatforms) = preSolution
		Debug|Any CPU = Debug|Any CPU
		Release|Any CPU = Release|Any CPU
	EndGlobalSection
	GlobalSection(ProjectConfigurationPlatforms) = postSolution
		{2B1B6018-D0EC-4BBD-A1A0-BEE6A6E0EA28}.Debug|Any CPU.ActiveCfg = Debug|Any CPU
		{2B1B6018-D0EC-4BBD-A1A0-BEE6A6E0EA28}.Debug|Any CPU.Build.0 = Debug|Any CPU
		{2B1B6018-D0EC-4BBD-A1A0-BEE6A6E0EA28}.Release|Any CPU.ActiveCfg = Release|Any CPU
		{2B1B6018-D0EC-4BBD-A1A0-BEE6A6E0EA28}.Release|Any CPU.Build.0 = Release|Any CPU
	EndGlobalSection
	GlobalSection(SolutionProperties) = preSolution
		HideSolutionNode = FALSE
	EndGlobalSection
	GlobalSection(ExtensibilityGlobals) = postSolution
		SolutionGuid = {0A24D204-0EF2-4493-8BEE-DB0126C7EFCD}
	EndGlobalSection
EndGlobal
